{
  "originHash" : "b85dae934789ba345d79d7605f74bd618fb1f3efc17757296c18be22276881dd",
  "pins" : [
    {
      "identity" : "capacitor-swift-pm",
      "kind" : "remoteSourceControl",
      "location" : "https://github.com/ionic-team/capacitor-swift-pm.git",
      "state" : {
        "revision" : "596259033e94829dffc552a40e7129262122995e",
        "version" : "8.0.0"
      }
    },
    {
      "identity" : "purchases-hybrid-common",
      "kind" : "remoteSourceControl",
      "location" : "https://github.com/RevenueCat/purchases-hybrid-common.git",
      "state" : {
        "revision" : "110af76195a641855b21268890e47fbf31f87bf9",
        "version" : "17.40.0"
      }
    },
    {
      "identity" : "purchases-ios-spm",
      "kind" : "remoteSourceControl",
      "location" : "https://github.com/RevenueCat/purchases-ios-spm",
      "state" : {
        "revision" : "524b94b8c36ff60bc1412e248678147ccc607e09",
        "version" : "5.59.0"
      }
    }
  ],
  "version" : 3
}
