{
  "originHash" : "b85dae934789ba345d79d7605f74bd618fb1f3efc17757296c18be22276881dd",
  "pins" : [
    {
      "identity" : "capacitor-swift-pm",
      "kind" : "remoteSourceControl",
      "location" : "https://github.com/ionic-team/capacitor-swift-pm.git",
      "state" : {
        "revision" : "6a2a3feb25fda8df2a284d0818bc9c83e57a7d56",
        "version" : "8.3.0"
      }
    },
    {
      "identity" : "purchases-hybrid-common",
      "kind" : "remoteSourceControl",
      "location" : "https://github.com/RevenueCat/purchases-hybrid-common.git",
      "state" : {
        "revision" : "29e618fcfe93c0a2a32d5106bda66dc257b556cc",
        "version" : "17.54.0"
      }
    },
    {
      "identity" : "purchases-ios-spm",
      "kind" : "remoteSourceControl",
      "location" : "https://github.com/RevenueCat/purchases-ios-spm",
      "state" : {
        "revision" : "a1bf83fc76099c3d801aa7fc2543c3b9e488cd00",
        "version" : "5.67.0"
      }
    }
  ],
  "version" : 3
}
